// !$*UTF8*$!
{
	archiveVersion = 1;
	classes = {
	};
	objectVersion = 55;
	objects = {

/* Begin PBXBuildFile section */
		A96C436329407A7400D7C283 /* ProfileHeader.swift in Sources */ = {isa = PBXBuildFile; fileRef = A96C436229407A7400D7C283 /* ProfileHeader.swift */; };
		A96C4369294764BD00D7C283 /* ProfileFilterView.swift in Sources */ = {isa = PBXBuildFile; fileRef = A96C4368294764BD00D7C283 /* ProfileFilterView.swift */; };
		A96C436B294770B900D7C283 /* ProfileFilterCell.swift in Sources */ = {isa = PBXBuildFile; fileRef = A96C436A294770B900D7C283 /* ProfileFilterCell.swift */; };
		A984B22529712CAF00DA2733 /* Notification.swift in Sources */ = {isa = PBXBuildFile; fileRef = A984B22429712CAF00DA2733 /* Notification.swift */; };
		A984B22729712FC600DA2733 /* NotificationService.swift in Sources */ = {isa = PBXBuildFile; fileRef = A984B22629712FC600DA2733 /* NotificationService.swift */; };
		A98DA1BD29483EBF008A0557 /* ProfileHeaderViewModel.swift in Sources */ = {isa = PBXBuildFile; fileRef = A98DA1BC29483EBF008A0557 /* ProfileHeaderViewModel.swift */; };
		A98DA1DF29517C70008A0557 /* UserCell.swift in Sources */ = {isa = PBXBuildFile; fileRef = A98DA1DE29517C70008A0557 /* UserCell.swift */; };
		A98DA1E129517FDD008A0557 /* UserViewModel.swift in Sources */ = {isa = PBXBuildFile; fileRef = A98DA1E029517FDD008A0557 /* UserViewModel.swift */; };
		A98DA1ED295A8BF1008A0557 /* TweetController.swift in Sources */ = {isa = PBXBuildFile; fileRef = A98DA1EC295A8BF0008A0557 /* TweetController.swift */; };
		A98DA1EF295ABD3F008A0557 /* TweetHeader.swift in Sources */ = {isa = PBXBuildFile; fileRef = A98DA1EE295ABD3F008A0557 /* TweetHeader.swift */; };
		A9A14E5129654E43008F1D7F /* UploadTweetViewModel.swift in Sources */ = {isa = PBXBuildFile; fileRef = A9A14E5029654E43008F1D7F /* UploadTweetViewModel.swift */; };
		A9A14E5429666CC3008F1D7F /* ActionSheetLauncher.swift in Sources */ = {isa = PBXBuildFile; fileRef = A9A14E5329666CC3008F1D7F /* ActionSheetLauncher.swift */; };
		A9A14E562966A479008F1D7F /* ActionSheetCell.swift in Sources */ = {isa = PBXBuildFile; fileRef = A9A14E552966A479008F1D7F /* ActionSheetCell.swift */; };
		A9A14E582966B608008F1D7F /* ActionSheetViewModel.swift in Sources */ = {isa = PBXBuildFile; fileRef = A9A14E572966B608008F1D7F /* ActionSheetViewModel.swift */; };
		A9D7D5E42924B2D000697376 /* AppDelegate.swift in Sources */ = {isa = PBXBuildFile; fileRef = A9D7D5E32924B2D000697376 /* AppDelegate.swift */; };
		A9D7D5E62924B2D000697376 /* SceneDelegate.swift in Sources */ = {isa = PBXBuildFile; fileRef = A9D7D5E52924B2D000697376 /* SceneDelegate.swift */; };
		A9D7D5EB2924B2D000697376 /* Main.storyboard in Resources */ = {isa = PBXBuildFile; fileRef = A9D7D5E92924B2D000697376 /* Main.storyboard */; };
		A9D7D5ED2924B2D400697376 /* Assets.xcassets in Resources */ = {isa = PBXBuildFile; fileRef = A9D7D5EC2924B2D400697376 /* Assets.xcassets */; };
		A9D7D5F02924B2D400697376 /* LaunchScreen.storyboard in Resources */ = {isa = PBXBuildFile; fileRef = A9D7D5EE2924B2D400697376 /* LaunchScreen.storyboard */; };
		A9D7D5FF2924B43700697376 /* MainTabController.swift in Sources */ = {isa = PBXBuildFile; fileRef = A9D7D5FE2924B43700697376 /* MainTabController.swift */; };
		A9D7D6012924BB0000697376 /* FeedController.swift in Sources */ = {isa = PBXBuildFile; fileRef = A9D7D6002924BB0000697376 /* FeedController.swift */; };
		A9D7D6032924BB7B00697376 /* ExploreController.swift in Sources */ = {isa = PBXBuildFile; fileRef = A9D7D6022924BB7B00697376 /* ExploreController.swift */; };
		A9D7D6052924BCCF00697376 /* NotificationsController.swift in Sources */ = {isa = PBXBuildFile; fileRef = A9D7D6042924BCCF00697376 /* NotificationsController.swift */; };
		A9D7D6072924BCE800697376 /* ConversationsController.swift in Sources */ = {isa = PBXBuildFile; fileRef = A9D7D6062924BCE800697376 /* ConversationsController.swift */; };
		A9D7D6092924D82300697376 /* Extension.swift in Sources */ = {isa = PBXBuildFile; fileRef = A9D7D6082924D82300697376 /* Extension.swift */; };
		A9F47320292E2D1F00B4D40C /* LoginController.swift in Sources */ = {isa = PBXBuildFile; fileRef = A9F4731F292E2D1F00B4D40C /* LoginController.swift */; };
		A9F47322292E2E1300B4D40C /* RegistrationController.swift in Sources */ = {isa = PBXBuildFile; fileRef = A9F47321292E2E1300B4D40C /* RegistrationController.swift */; };
		A9F47324292F072F00B4D40C /* Utilities.swift in Sources */ = {isa = PBXBuildFile; fileRef = A9F47323292F072F00B4D40C /* Utilities.swift */; };
		A9F473262930B55F00B4D40C /* GoogleService-Info.plist in Resources */ = {isa = PBXBuildFile; fileRef = A9F473252930B55F00B4D40C /* GoogleService-Info.plist */; };
		A9F473282931F0D400B4D40C /* Constants.swift in Sources */ = {isa = PBXBuildFile; fileRef = A9F473272931F0D400B4D40C /* Constants.swift */; };
		A9F4732A2934BC2800B4D40C /* AuthService.swift in Sources */ = {isa = PBXBuildFile; fileRef = A9F473292934BC2800B4D40C /* AuthService.swift */; };
		A9F4732C2937420500B4D40C /* UserService.swift in Sources */ = {isa = PBXBuildFile; fileRef = A9F4732B2937420500B4D40C /* UserService.swift */; };
		A9F4732E2937569900B4D40C /* User.swift in Sources */ = {isa = PBXBuildFile; fileRef = A9F4732D2937569900B4D40C /* User.swift */; };
		A9F4733029386E5A00B4D40C /* UploadTweetController.swift in Sources */ = {isa = PBXBuildFile; fileRef = A9F4732F29386E5A00B4D40C /* UploadTweetController.swift */; };
		A9F473322939D54000B4D40C /* CaptionTextView.swift in Sources */ = {isa = PBXBuildFile; fileRef = A9F473312939D54000B4D40C /* CaptionTextView.swift */; };
		A9F473342939EEBE00B4D40C /* TweetService.swift in Sources */ = {isa = PBXBuildFile; fileRef = A9F473332939EEBE00B4D40C /* TweetService.swift */; };
		A9F47336293DA3B100B4D40C /* Tweet.swift in Sources */ = {isa = PBXBuildFile; fileRef = A9F47335293DA3B100B4D40C /* Tweet.swift */; };
		A9F47338293DBDC500B4D40C /* TweetCell.swift in Sources */ = {isa = PBXBuildFile; fileRef = A9F47337293DBDC500B4D40C /* TweetCell.swift */; };
		A9F4733A293F19D900B4D40C /* TweetViewModel.swift in Sources */ = {isa = PBXBuildFile; fileRef = A9F47339293F19D900B4D40C /* TweetViewModel.swift */; };
		A9F4733C293F383200B4D40C /* ProfileController.swift in Sources */ = {isa = PBXBuildFile; fileRef = A9F4733B293F383200B4D40C /* ProfileController.swift */; };
		EADF91ADBC4B09A19FC15291 /* Pods_TwitterClone_Mo.framework in Frameworks */ = {isa = PBXBuildFile; fileRef = E399059B472FB864ED802988 /* Pods_TwitterClone_Mo.framework */; };
/* End PBXBuildFile section */

/* Begin PBXFileReference section */
		50B653CE4102C73EE61682BC /* Pods-TwitterClone_Mo.debug.xcconfig */ = {isa = PBXFileReference; includeInIndex = 1; lastKnownFileType = text.xcconfig; name = "Pods-TwitterClone_Mo.debug.xcconfig"; path = "Target Support Files/Pods-TwitterClone_Mo/Pods-TwitterClone_Mo.debug.xcconfig"; sourceTree = "<group>"; };
		A96C436229407A7400D7C283 /* ProfileHeader.swift */ = {isa = PBXFileReference; lastKnownFileType = sourcecode.swift; path = ProfileHeader.swift; sourceTree = "<group>"; };
		A96C4368294764BD00D7C283 /* ProfileFilterView.swift */ = {isa = PBXFileReference; lastKnownFileType = sourcecode.swift; path = ProfileFilterView.swift; sourceTree = "<group>"; };
		A96C436A294770B900D7C283 /* ProfileFilterCell.swift */ = {isa = PBXFileReference; lastKnownFileType = sourcecode.swift; path = ProfileFilterCell.swift; sourceTree = "<group>"; };
		A984B22429712CAF00DA2733 /* Notification.swift */ = {isa = PBXFileReference; lastKnownFileType = sourcecode.swift; path = Notification.swift; sourceTree = "<group>"; };
		A984B22629712FC600DA2733 /* NotificationService.swift */ = {isa = PBXFileReference; lastKnownFileType = sourcecode.swift; path = NotificationService.swift; sourceTree = "<group>"; };
		A98DA1BC29483EBF008A0557 /* ProfileHeaderViewModel.swift */ = {isa = PBXFileReference; lastKnownFileType = sourcecode.swift; path = ProfileHeaderViewModel.swift; sourceTree = "<group>"; };
		A98DA1DE29517C70008A0557 /* UserCell.swift */ = {isa = PBXFileReference; lastKnownFileType = sourcecode.swift; path = UserCell.swift; sourceTree = "<group>"; };
		A98DA1E029517FDD008A0557 /* UserViewModel.swift */ = {isa = PBXFileReference; lastKnownFileType = sourcecode.swift; path = UserViewModel.swift; sourceTree = "<group>"; };
		A98DA1EC295A8BF0008A0557 /* TweetController.swift */ = {isa = PBXFileReference; lastKnownFileType = sourcecode.swift; path = TweetController.swift; sourceTree = "<group>"; };
		A98DA1EE295ABD3F008A0557 /* TweetHeader.swift */ = {isa = PBXFileReference; lastKnownFileType = sourcecode.swift; path = TweetHeader.swift; sourceTree = "<group>"; };
		A9A14E5029654E43008F1D7F /* UploadTweetViewModel.swift */ = {isa = PBXFileReference; lastKnownFileType = sourcecode.swift; path = UploadTweetViewModel.swift; sourceTree = "<group>"; };
		A9A14E5329666CC3008F1D7F /* ActionSheetLauncher.swift */ = {isa = PBXFileReference; lastKnownFileType = sourcecode.swift; path = ActionSheetLauncher.swift; sourceTree = "<group>"; };
		A9A14E552966A479008F1D7F /* ActionSheetCell.swift */ = {isa = PBXFileReference; lastKnownFileType = sourcecode.swift; path = ActionSheetCell.swift; sourceTree = "<group>"; };
		A9A14E572966B608008F1D7F /* ActionSheetViewModel.swift */ = {isa = PBXFileReference; lastKnownFileType = sourcecode.swift; path = ActionSheetViewModel.swift; sourceTree = "<group>"; };
		A9D7D5E02924B2D000697376 /* TwitterClone_Mo.app */ = {isa = PBXFileReference; explicitFileType = wrapper.application; includeInIndex = 0; path = TwitterClone_Mo.app; sourceTree = BUILT_PRODUCTS_DIR; };
		A9D7D5E32924B2D000697376 /* AppDelegate.swift */ = {isa = PBXFileReference; lastKnownFileType = sourcecode.swift; path = AppDelegate.swift; sourceTree = "<group>"; };
		A9D7D5E52924B2D000697376 /* SceneDelegate.swift */ = {isa = PBXFileReference; lastKnownFileType = sourcecode.swift; path = SceneDelegate.swift; sourceTree = "<group>"; };
		A9D7D5EA2924B2D000697376 /* Base */ = {isa = PBXFileReference; lastKnownFileType = file.storyboard; name = Base; path = Base.lproj/Main.storyboard; sourceTree = "<group>"; };
		A9D7D5EC2924B2D400697376 /* Assets.xcassets */ = {isa = PBXFileReference; lastKnownFileType = folder.assetcatalog; path = Assets.xcassets; sourceTree = "<group>"; };
		A9D7D5EF2924B2D400697376 /* Base */ = {isa = PBXFileReference; lastKnownFileType = file.storyboard; name = Base; path = Base.lproj/LaunchScreen.storyboard; sourceTree = "<group>"; };
		A9D7D5F12924B2D400697376 /* Info.plist */ = {isa = PBXFileReference; lastKnownFileType = text.plist.xml; path = Info.plist; sourceTree = "<group>"; };
		A9D7D5FE2924B43700697376 /* MainTabController.swift */ = {isa = PBXFileReference; lastKnownFileType = sourcecode.swift; path = MainTabController.swift; sourceTree = "<group>"; };
		A9D7D6002924BB0000697376 /* FeedController.swift */ = {isa = PBXFileReference; lastKnownFileType = sourcecode.swift; path = FeedController.swift; sourceTree = "<group>"; };
		A9D7D6022924BB7B00697376 /* ExploreController.swift */ = {isa = PBXFileReference; lastKnownFileType = sourcecode.swift; path = ExploreController.swift; sourceTree = "<group>"; };
		A9D7D6042924BCCF00697376 /* NotificationsController.swift */ = {isa = PBXFileReference; lastKnownFileType = sourcecode.swift; path = NotificationsController.swift; sourceTree = "<group>"; };
		A9D7D6062924BCE800697376 /* ConversationsController.swift */ = {isa = PBXFileReference; lastKnownFileType = sourcecode.swift; path = ConversationsController.swift; sourceTree = "<group>"; };
		A9D7D6082924D82300697376 /* Extension.swift */ = {isa = PBXFileReference; lastKnownFileType = sourcecode.swift; path = Extension.swift; sourceTree = "<group>"; };
		A9F4731F292E2D1F00B4D40C /* LoginController.swift */ = {isa = PBXFileReference; lastKnownFileType = sourcecode.swift; path = LoginController.swift; sourceTree = "<group>"; };
		A9F47321292E2E1300B4D40C /* RegistrationController.swift */ = {isa = PBXFileReference; lastKnownFileType = sourcecode.swift; path = RegistrationController.swift; sourceTree = "<group>"; };
		A9F47323292F072F00B4D40C /* Utilities.swift */ = {isa = PBXFileReference; lastKnownFileType = sourcecode.swift; path = Utilities.swift; sourceTree = "<group>"; };
		A9F473252930B55F00B4D40C /* GoogleService-Info.plist */ = {isa = PBXFileReference; fileEncoding = 4; lastKnownFileType = text.plist.xml; path = "GoogleService-Info.plist"; sourceTree = "<group>"; };
		A9F473272931F0D400B4D40C /* Constants.swift */ = {isa = PBXFileReference; lastKnownFileType = sourcecode.swift; path = Constants.swift; sourceTree = "<group>"; };
		A9F473292934BC2800B4D40C /* AuthService.swift */ = {isa = PBXFileReference; lastKnownFileType = sourcecode.swift; path = AuthService.swift; sourceTree = "<group>"; };
		A9F4732B2937420500B4D40C /* UserService.swift */ = {isa = PBXFileReference; lastKnownFileType = sourcecode.swift; path = UserService.swift; sourceTree = "<group>"; };
		A9F4732D2937569900B4D40C /* User.swift */ = {isa = PBXFileReference; lastKnownFileType = sourcecode.swift; path = User.swift; sourceTree = "<group>"; };
		A9F4732F29386E5A00B4D40C /* UploadTweetController.swift */ = {isa = PBXFileReference; lastKnownFileType = sourcecode.swift; path = UploadTweetController.swift; sourceTree = "<group>"; };
		A9F473312939D54000B4D40C /* CaptionTextView.swift */ = {isa = PBXFileReference; lastKnownFileType = sourcecode.swift; path = CaptionTextView.swift; sourceTree = "<group>"; };
		A9F473332939EEBE00B4D40C /* TweetService.swift */ = {isa = PBXFileReference; lastKnownFileType = sourcecode.swift; path = TweetService.swift; sourceTree = "<group>"; };
		A9F47335293DA3B100B4D40C /* Tweet.swift */ = {isa = PBXFileReference; lastKnownFileType = sourcecode.swift; path = Tweet.swift; sourceTree = "<group>"; };
		A9F47337293DBDC500B4D40C /* TweetCell.swift */ = {isa = PBXFileReference; lastKnownFileType = sourcecode.swift; path = TweetCell.swift; sourceTree = "<group>"; };
		A9F47339293F19D900B4D40C /* TweetViewModel.swift */ = {isa = PBXFileReference; lastKnownFileType = sourcecode.swift; path = TweetViewModel.swift; sourceTree = "<group>"; };
		A9F4733B293F383200B4D40C /* ProfileController.swift */ = {isa = PBXFileReference; lastKnownFileType = sourcecode.swift; path = ProfileController.swift; sourceTree = "<group>"; };
		BABB748253E9E2D3AED718EF /* Pods-TwitterClone_Mo.release.xcconfig */ = {isa = PBXFileReference; includeInIndex = 1; lastKnownFileType = text.xcconfig; name = "Pods-TwitterClone_Mo.release.xcconfig"; path = "Target Support Files/Pods-TwitterClone_Mo/Pods-TwitterClone_Mo.release.xcconfig"; sourceTree = "<group>"; };
		E399059B472FB864ED802988 /* Pods_TwitterClone_Mo.framework */ = {isa = PBXFileReference; explicitFileType = wrapper.framework; includeInIndex = 0; path = Pods_TwitterClone_Mo.framework; sourceTree = BUILT_PRODUCTS_DIR; };
/* End PBXFileReference section */

/* Begin PBXFrameworksBuildPhase section */
		A9D7D5DD2924B2D000697376 /* Frameworks */ = {
			isa = PBXFrameworksBuildPhase;
			buildActionMask = 2147483647;
			files = (
				EADF91ADBC4B09A19FC15291 /* Pods_TwitterClone_Mo.framework in Frameworks */,
			);
			runOnlyForDeploymentPostprocessing = 0;
		};
/* End PBXFrameworksBuildPhase section */

/* Begin PBXGroup section */
		30112F4E140C84B69D1B7D0D /* Pods */ = {
			isa = PBXGroup;
			children = (
				50B653CE4102C73EE61682BC /* Pods-TwitterClone_Mo.debug.xcconfig */,
				BABB748253E9E2D3AED718EF /* Pods-TwitterClone_Mo.release.xcconfig */,
			);
			path = Pods;
			sourceTree = "<group>";
		};
		3D55D34FF06AED3A0D57951B /* Frameworks */ = {
			isa = PBXGroup;
			children = (
				E399059B472FB864ED802988 /* Pods_TwitterClone_Mo.framework */,
			);
			name = Frameworks;
			sourceTree = "<group>";
		};
		A9D7D5D72924B2D000697376 = {
			isa = PBXGroup;
			children = (
				A9D7D5E22924B2D000697376 /* TwitterClone_Mo */,
				A9D7D5E12924B2D000697376 /* Products */,
				30112F4E140C84B69D1B7D0D /* Pods */,
				3D55D34FF06AED3A0D57951B /* Frameworks */,
			);
			sourceTree = "<group>";
		};
		A9D7D5E12924B2D000697376 /* Products */ = {
			isa = PBXGroup;
			children = (
				A9D7D5E02924B2D000697376 /* TwitterClone_Mo.app */,
			);
			name = Products;
			sourceTree = "<group>";
		};
		A9D7D5E22924B2D000697376 /* TwitterClone_Mo */ = {
			isa = PBXGroup;
			children = (
				A9D7D5FD2924B36700697376 /* Models */,
				A9D7D5FC2924B36500697376 /* View */,
				A9D7D5FB2924B36500697376 /* ViewModel */,
				A9D7D5FA2924B36400697376 /* Controller */,
				A9D7D5F82924B33D00697376 /* API */,
				A9D7D5F72924B2FE00697376 /* Utils */,
				A9D7D5E32924B2D000697376 /* AppDelegate.swift */,
				A9D7D5E52924B2D000697376 /* SceneDelegate.swift */,
				A9F473252930B55F00B4D40C /* GoogleService-Info.plist */,
				A9D7D5E92924B2D000697376 /* Main.storyboard */,
				A9D7D5EC2924B2D400697376 /* Assets.xcassets */,
				A9D7D5EE2924B2D400697376 /* LaunchScreen.storyboard */,
				A9D7D5F12924B2D400697376 /* Info.plist */,
			);
			path = TwitterClone_Mo;
			sourceTree = "<group>";
		};
		A9D7D5F72924B2FE00697376 /* Utils */ = {
			isa = PBXGroup;
			children = (
				A9D7D6082924D82300697376 /* Extension.swift */,
				A9F47323292F072F00B4D40C /* Utilities.swift */,
				A9F473272931F0D400B4D40C /* Constants.swift */,
				A9A14E5329666CC3008F1D7F /* ActionSheetLauncher.swift */,
			);
			path = Utils;
			sourceTree = "<group>";
		};
		A9D7D5F82924B33D00697376 /* API */ = {
			isa = PBXGroup;
			children = (
				A9F473292934BC2800B4D40C /* AuthService.swift */,
				A9F4732B2937420500B4D40C /* UserService.swift */,
				A9F473332939EEBE00B4D40C /* TweetService.swift */,
				A984B22629712FC600DA2733 /* NotificationService.swift */,
			);
			path = API;
			sourceTree = "<group>";
		};
		A9D7D5FA2924B36400697376 /* Controller */ = {
			isa = PBXGroup;
			children = (
				A9F4731E292E2D0C00B4D40C /* Authentication */,
				A9D7D5FE2924B43700697376 /* MainTabController.swift */,
				A9D7D6002924BB0000697376 /* FeedController.swift */,
				A9D7D6022924BB7B00697376 /* ExploreController.swift */,
				A9D7D6042924BCCF00697376 /* NotificationsController.swift */,
				A9D7D6062924BCE800697376 /* ConversationsController.swift */,
				A9F4732F29386E5A00B4D40C /* UploadTweetController.swift */,
				A9F4733B293F383200B4D40C /* ProfileController.swift */,
				A98DA1EC295A8BF0008A0557 /* TweetController.swift */,
			);
			path = Controller;
			sourceTree = "<group>";
		};
		A9D7D5FB2924B36500697376 /* ViewModel */ = {
			isa = PBXGroup;
			children = (
				A9F47339293F19D900B4D40C /* TweetViewModel.swift */,
				A98DA1BC29483EBF008A0557 /* ProfileHeaderViewModel.swift */,
				A98DA1E029517FDD008A0557 /* UserViewModel.swift */,
				A9A14E5029654E43008F1D7F /* UploadTweetViewModel.swift */,
				A9A14E572966B608008F1D7F /* ActionSheetViewModel.swift */,
			);
			path = ViewModel;
			sourceTree = "<group>";
		};
		A9D7D5FC2924B36500697376 /* View */ = {
			isa = PBXGroup;
			children = (
				A9F473312939D54000B4D40C /* CaptionTextView.swift */,
				A9F47337293DBDC500B4D40C /* TweetCell.swift */,
				A96C436229407A7400D7C283 /* ProfileHeader.swift */,
				A96C4368294764BD00D7C283 /* ProfileFilterView.swift */,
				A96C436A294770B900D7C283 /* ProfileFilterCell.swift */,
				A98DA1DE29517C70008A0557 /* UserCell.swift */,
				A98DA1EE295ABD3F008A0557 /* TweetHeader.swift */,
				A9A14E552966A479008F1D7F /* ActionSheetCell.swift */,
			);
			path = View;
			sourceTree = "<group>";
		};
		A9D7D5FD2924B36700697376 /* Models */ = {
			isa = PBXGroup;
			children = (
				A9F4732D2937569900B4D40C /* User.swift */,
				A9F47335293DA3B100B4D40C /* Tweet.swift */,
				A984B22429712CAF00DA2733 /* Notification.swift */,
			);
			path = Models;
			sourceTree = "<group>";
		};
		A9F4731E292E2D0C00B4D40C /* Authentication */ = {
			isa = PBXGroup;
			children = (
				A9F4731F292E2D1F00B4D40C /* LoginController.swift */,
				A9F47321292E2E1300B4D40C /* RegistrationController.swift */,
			);
			path = Authentication;
			sourceTree = "<group>";
		};
/* End PBXGroup section */

/* Begin PBXNativeTarget section */
		A9D7D5DF2924B2D000697376 /* TwitterClone_Mo */ = {
			isa = PBXNativeTarget;
			buildConfigurationList = A9D7D5F42924B2D400697376 /* Build configuration list for PBXNativeTarget "TwitterClone_Mo" */;
			buildPhases = (
				DF777AB3402E418964D25ADD /* [CP] Check Pods Manifest.lock */,
				A9D7D5DC2924B2D000697376 /* Sources */,
				A9D7D5DD2924B2D000697376 /* Frameworks */,
				A9D7D5DE2924B2D000697376 /* Resources */,
				15F8B7C3E792EEF7E22AC439 /* [CP] Embed Pods Frameworks */,
			);
			buildRules = (
			);
			dependencies = (
			);
			name = TwitterClone_Mo;
			productName = TwitterClone_Mo;
			productReference = A9D7D5E02924B2D000697376 /* TwitterClone_Mo.app */;
			productType = "com.apple.product-type.application";
		};
/* End PBXNativeTarget section */

/* Begin PBXProject section */
		A9D7D5D82924B2D000697376 /* Project object */ = {
			isa = PBXProject;
			attributes = {
				BuildIndependentTargetsInParallel = 1;
				LastSwiftUpdateCheck = 1340;
				LastUpgradeCheck = 1340;
				TargetAttributes = {
					A9D7D5DF2924B2D000697376 = {
						CreatedOnToolsVersion = 13.4.1;
					};
				};
			};
			buildConfigurationList = A9D7D5DB2924B2D000697376 /* Build configuration list for PBXProject "TwitterClone_Mo" */;
			compatibilityVersion = "Xcode 13.0";
			developmentRegion = en;
			hasScannedForEncodings = 0;
			knownRegions = (
				en,
				Base,
			);
			mainGroup = A9D7D5D72924B2D000697376;
			productRefGroup = A9D7D5E12924B2D000697376 /* Products */;
			projectDirPath = "";
			projectRoot = "";
			targets = (
				A9D7D5DF2924B2D000697376 /* TwitterClone_Mo */,
			);
		};
/* End PBXProject section */

/* Begin PBXResourcesBuildPhase section */
		A9D7D5DE2924B2D000697376 /* Resources */ = {
			isa = PBXResourcesBuildPhase;
			buildActionMask = 2147483647;
			files = (
				A9D7D5F02924B2D400697376 /* LaunchScreen.storyboard in Resources */,
				A9F473262930B55F00B4D40C /* GoogleService-Info.plist in Resources */,
				A9D7D5ED2924B2D400697376 /* Assets.xcassets in Resources */,
				A9D7D5EB2924B2D000697376 /* Main.storyboard in Resources */,
			);
			runOnlyForDeploymentPostprocessing = 0;
		};
/* End PBXResourcesBuildPhase section */

/* Begin PBXShellScriptBuildPhase section */
		15F8B7C3E792EEF7E22AC439 /* [CP] Embed Pods Frameworks */ = {
			isa = PBXShellScriptBuildPhase;
			buildActionMask = 2147483647;
			files = (
			);
			inputFileListPaths = (
				"${PODS_ROOT}/Target Support Files/Pods-TwitterClone_Mo/Pods-TwitterClone_Mo-frameworks-${CONFIGURATION}-input-files.xcfilelist",
			);
			name = "[CP] Embed Pods Frameworks";
			outputFileListPaths = (
				"${PODS_ROOT}/Target Support Files/Pods-TwitterClone_Mo/Pods-TwitterClone_Mo-frameworks-${CONFIGURATION}-output-files.xcfilelist",
			);
			runOnlyForDeploymentPostprocessing = 0;
			shellPath = /bin/sh;
			shellScript = "\"${PODS_ROOT}/Target Support Files/Pods-TwitterClone_Mo/Pods-TwitterClone_Mo-frameworks.sh\"\n";
			showEnvVarsInLog = 0;
		};
		DF777AB3402E418964D25ADD /* [CP] Check Pods Manifest.lock */ = {
			isa = PBXShellScriptBuildPhase;
			buildActionMask = 2147483647;
			files = (
			);
			inputFileListPaths = (
			);
			inputPaths = (
				"${PODS_PODFILE_DIR_PATH}/Podfile.lock",
				"${PODS_ROOT}/Manifest.lock",
			);
			name = "[CP] Check Pods Manifest.lock";
			outputFileListPaths = (
			);
			outputPaths = (
				"$(DERIVED_FILE_DIR)/Pods-TwitterClone_Mo-checkManifestLockResult.txt",
			);
			runOnlyForDeploymentPostprocessing = 0;
			shellPath = /bin/sh;
			shellScript = "diff \"${PODS_PODFILE_DIR_PATH}/Podfile.lock\" \"${PODS_ROOT}/Manifest.lock\" > /dev/null\nif [ $? != 0 ] ; then\n    # print error to STDERR\n    echo \"error: The sandbox is not in sync with the Podfile.lock. Run 'pod install' or update your CocoaPods installation.\" >&2\n    exit 1\nfi\n# This output is used by Xcode 'outputs' to avoid re-running this script phase.\necho \"SUCCESS\" > \"${SCRIPT_OUTPUT_FILE_0}\"\n";
			showEnvVarsInLog = 0;
		};
/* End PBXShellScriptBuildPhase section */

/* Begin PBXSourcesBuildPhase section */
		A9D7D5DC2924B2D000697376 /* Sources */ = {
			isa = PBXSourcesBuildPhase;
			buildActionMask = 2147483647;
			files = (
				A9F4732C2937420500B4D40C /* UserService.swift in Sources */,
				A9D7D6052924BCCF00697376 /* NotificationsController.swift in Sources */,
				A9F473322939D54000B4D40C /* CaptionTextView.swift in Sources */,
				A96C436B294770B900D7C283 /* ProfileFilterCell.swift in Sources */,
				A984B22729712FC600DA2733 /* NotificationService.swift in Sources */,
				A9D7D6072924BCE800697376 /* ConversationsController.swift in Sources */,
				A98DA1E129517FDD008A0557 /* UserViewModel.swift in Sources */,
				A98DA1DF29517C70008A0557 /* UserCell.swift in Sources */,
				A9A14E562966A479008F1D7F /* ActionSheetCell.swift in Sources */,
				A9F47324292F072F00B4D40C /* Utilities.swift in Sources */,
				A9D7D5E42924B2D000697376 /* AppDelegate.swift in Sources */,
				A9D7D6032924BB7B00697376 /* ExploreController.swift in Sources */,
				A9F4733C293F383200B4D40C /* ProfileController.swift in Sources */,
				A96C436329407A7400D7C283 /* ProfileHeader.swift in Sources */,
				A98DA1EF295ABD3F008A0557 /* TweetHeader.swift in Sources */,
				A9F47338293DBDC500B4D40C /* TweetCell.swift in Sources */,
				A9D7D5E62924B2D000697376 /* SceneDelegate.swift in Sources */,
				A9F4732A2934BC2800B4D40C /* AuthService.swift in Sources */,
				A98DA1BD29483EBF008A0557 /* ProfileHeaderViewModel.swift in Sources */,
				A9F4733029386E5A00B4D40C /* UploadTweetController.swift in Sources */,
				A9F4732E2937569900B4D40C /* User.swift in Sources */,
				A9D7D5FF2924B43700697376 /* MainTabController.swift in Sources */,
				A98DA1ED295A8BF1008A0557 /* TweetController.swift in Sources */,
				A9D7D6012924BB0000697376 /* FeedController.swift in Sources */,
				A9F47320292E2D1F00B4D40C /* LoginController.swift in Sources */,
				A9F4733A293F19D900B4D40C /* TweetViewModel.swift in Sources */,
				A9F47322292E2E1300B4D40C /* RegistrationController.swift in Sources */,
				A9D7D6092924D82300697376 /* Extension.swift in Sources */,
				A96C4369294764BD00D7C283 /* ProfileFilterView.swift in Sources */,
				A9F473282931F0D400B4D40C /* Constants.swift in Sources */,
				A9A14E5129654E43008F1D7F /* UploadTweetViewModel.swift in Sources */,
				A9A14E5429666CC3008F1D7F /* ActionSheetLauncher.swift in Sources */,
				A984B22529712CAF00DA2733 /* Notification.swift in Sources */,
				A9F47336293DA3B100B4D40C /* Tweet.swift in Sources */,
				A9A14E582966B608008F1D7F /* ActionSheetViewModel.swift in Sources */,
				A9F473342939EEBE00B4D40C /* TweetService.swift in Sources */,
			);
			runOnlyForDeploymentPostprocessing = 0;
		};
/* End PBXSourcesBuildPhase section */

/* Begin PBXVariantGroup section */
		A9D7D5E92924B2D000697376 /* Main.storyboard */ = {
			isa = PBXVariantGroup;
			children = (
				A9D7D5EA2924B2D000697376 /* Base */,
			);
			name = Main.storyboard;
			sourceTree = "<group>";
		};
		A9D7D5EE2924B2D400697376 /* LaunchScreen.storyboard */ = {
			isa = PBXVariantGroup;
			children = (
				A9D7D5EF2924B2D400697376 /* Base */,
			);
			name = LaunchScreen.storyboard;
			sourceTree = "<group>";
		};
/* End PBXVariantGroup section */

/* Begin XCBuildConfiguration section */
		A9D7D5F22924B2D400697376 /* Debug */ = {
			isa = XCBuildConfiguration;
			buildSettings = {
				ALWAYS_SEARCH_USER_PATHS = NO;
				CLANG_ANALYZER_NONNULL = YES;
				CLANG_ANALYZER_NUMBER_OBJECT_CONVERSION = YES_AGGRESSIVE;
				CLANG_CXX_LANGUAGE_STANDARD = "gnu++17";
				CLANG_ENABLE_MODULES = YES;
				CLANG_ENABLE_OBJC_ARC = YES;
				CLANG_ENABLE_OBJC_WEAK = YES;
				CLANG_WARN_BLOCK_CAPTURE_AUTORELEASING = YES;
				CLANG_WARN_BOOL_CONVERSION = YES;
				CLANG_WARN_COMMA = YES;
				CLANG_WARN_CONSTANT_CONVERSION = YES;
				CLANG_WARN_DEPRECATED_OBJC_IMPLEMENTATIONS = YES;
				CLANG_WARN_DIRECT_OBJC_ISA_USAGE = YES_ERROR;
				CLANG_WARN_DOCUMENTATION_COMMENTS = YES;
				CLANG_WARN_EMPTY_BODY = YES;
				CLANG_WARN_ENUM_CONVERSION = YES;
				CLANG_WARN_INFINITE_RECURSION = YES;
				CLANG_WARN_INT_CONVERSION = YES;
				CLANG_WARN_NON_LITERAL_NULL_CONVERSION = YES;
				CLANG_WARN_OBJC_IMPLICIT_RETAIN_SELF = YES;
				CLANG_WARN_OBJC_LITERAL_CONVERSION = YES;
				CLANG_WARN_OBJC_ROOT_CLASS = YES_ERROR;
				CLANG_WARN_QUOTED_INCLUDE_IN_FRAMEWORK_HEADER = YES;
				CLANG_WARN_RANGE_LOOP_ANALYSIS = YES;
				CLANG_WARN_STRICT_PROTOTYPES = YES;
				CLANG_WARN_SUSPICIOUS_MOVE = YES;
				CLANG_WARN_UNGUARDED_AVAILABILITY = YES_AGGRESSIVE;
				CLANG_WARN_UNREACHABLE_CODE = YES;
				CLANG_WARN__DUPLICATE_METHOD_MATCH = YES;
				COPY_PHASE_STRIP = NO;
				DEBUG_INFORMATION_FORMAT = dwarf;
				ENABLE_STRICT_OBJC_MSGSEND = YES;
				ENABLE_TESTABILITY = YES;
				GCC_C_LANGUAGE_STANDARD = gnu11;
				GCC_DYNAMIC_NO_PIC = NO;
				GCC_NO_COMMON_BLOCKS = YES;
				GCC_OPTIMIZATION_LEVEL = 0;
				GCC_PREPROCESSOR_DEFINITIONS = (
					"DEBUG=1",
					"$(inherited)",
				);
				GCC_WARN_64_TO_32_BIT_CONVERSION = YES;
				GCC_WARN_ABOUT_RETURN_TYPE = YES_ERROR;
				GCC_WARN_UNDECLARED_SELECTOR = YES;
				GCC_WARN_UNINITIALIZED_AUTOS = YES_AGGRESSIVE;
				GCC_WARN_UNUSED_FUNCTION = YES;
				GCC_WARN_UNUSED_VARIABLE = YES;
				IPHONEOS_DEPLOYMENT_TARGET = 15.5;
				MTL_ENABLE_DEBUG_INFO = INCLUDE_SOURCE;
				MTL_FAST_MATH = YES;
				ONLY_ACTIVE_ARCH = YES;
				SDKROOT = iphoneos;
				SWIFT_ACTIVE_COMPILATION_CONDITIONS = DEBUG;
				SWIFT_OPTIMIZATION_LEVEL = "-Onone";
			};
			name = Debug;
		};
		A9D7D5F32924B2D400697376 /* Release */ = {
			isa = XCBuildConfiguration;
			buildSettings = {
				ALWAYS_SEARCH_USER_PATHS = NO;
				CLANG_ANALYZER_NONNULL = YES;
				CLANG_ANALYZER_NUMBER_OBJECT_CONVERSION = YES_AGGRESSIVE;
				CLANG_CXX_LANGUAGE_STANDARD = "gnu++17";
				CLANG_ENABLE_MODULES = YES;
				CLANG_ENABLE_OBJC_ARC = YES;
				CLANG_ENABLE_OBJC_WEAK = YES;
				CLANG_WARN_BLOCK_CAPTURE_AUTORELEASING = YES;
				CLANG_WARN_BOOL_CONVERSION = YES;
				CLANG_WARN_COMMA = YES;
				CLANG_WARN_CONSTANT_CONVERSION = YES;
				CLANG_WARN_DEPRECATED_OBJC_IMPLEMENTATIONS = YES;
				CLANG_WARN_DIRECT_OBJC_ISA_USAGE = YES_ERROR;
				CLANG_WARN_DOCUMENTATION_COMMENTS = YES;
				CLANG_WARN_EMPTY_BODY = YES;
				CLANG_WARN_ENUM_CONVERSION = YES;
				CLANG_WARN_INFINITE_RECURSION = YES;
				CLANG_WARN_INT_CONVERSION = YES;
				CLANG_WARN_NON_LITERAL_NULL_CONVERSION = YES;
				CLANG_WARN_OBJC_IMPLICIT_RETAIN_SELF = YES;
				CLANG_WARN_OBJC_LITERAL_CONVERSION = YES;
				CLANG_WARN_OBJC_ROOT_CLASS = YES_ERROR;
				CLANG_WARN_QUOTED_INCLUDE_IN_FRAMEWORK_HEADER = YES;
				CLANG_WARN_RANGE_LOOP_ANALYSIS = YES;
				CLANG_WARN_STRICT_PROTOTYPES = YES;
				CLANG_WARN_SUSPICIOUS_MOVE = YES;
				CLANG_WARN_UNGUARDED_AVAILABILITY = YES_AGGRESSIVE;
				CLANG_WARN_UNREACHABLE_CODE = YES;
				CLANG_WARN__DUPLICATE_METHOD_MATCH = YES;
				COPY_PHASE_STRIP = NO;
				DEBUG_INFORMATION_FORMAT = "dwarf-with-dsym";
				ENABLE_NS_ASSERTIONS = NO;
				ENABLE_STRICT_OBJC_MSGSEND = YES;
				GCC_C_LANGUAGE_STANDARD = gnu11;
				GCC_NO_COMMON_BLOCKS = YES;
				GCC_WARN_64_TO_32_BIT_CONVERSION = YES;
				GCC_WARN_ABOUT_RETURN_TYPE = YES_ERROR;
				GCC_WARN_UNDECLARED_SELECTOR = YES;
				GCC_WARN_UNINITIALIZED_AUTOS = YES_AGGRESSIVE;
				GCC_WARN_UNUSED_FUNCTION = YES;
				GCC_WARN_UNUSED_VARIABLE = YES;
				IPHONEOS_DEPLOYMENT_TARGET = 15.5;
				MTL_ENABLE_DEBUG_INFO = NO;
				MTL_FAST_MATH = YES;
				SDKROOT = iphoneos;
				SWIFT_COMPILATION_MODE = wholemodule;
				SWIFT_OPTIMIZATION_LEVEL = "-O";
				VALIDATE_PRODUCT = YES;
			};
			name = Release;
		};
		A9D7D5F52924B2D400697376 /* Debug */ = {
			isa = XCBuildConfiguration;
			baseConfigurationReference = 50B653CE4102C73EE61682BC /* Pods-TwitterClone_Mo.debug.xcconfig */;
			buildSettings = {
				ASSETCATALOG_COMPILER_APPICON_NAME = AppIcon;
				ASSETCATALOG_COMPILER_GLOBAL_ACCENT_COLOR_NAME = AccentColor;
				CODE_SIGN_STYLE = Automatic;
				CURRENT_PROJECT_VERSION = 1;
				DEVELOPMENT_TEAM = URTJJ24R4X;
				ENABLE_BITCODE = NO;
				GENERATE_INFOPLIST_FILE = YES;
				INFOPLIST_FILE = TwitterClone_Mo/Info.plist;
				INFOPLIST_KEY_UIApplicationSupportsIndirectInputEvents = YES;
				INFOPLIST_KEY_UILaunchStoryboardName = LaunchScreen;
				INFOPLIST_KEY_UIMainStoryboardFile = Main;
				INFOPLIST_KEY_UISupportedInterfaceOrientations_iPad = "UIInterfaceOrientationPortrait UIInterfaceOrientationPortraitUpsideDown UIInterfaceOrientationLandscapeLeft UIInterfaceOrientationLandscapeRight";
				INFOPLIST_KEY_UISupportedInterfaceOrientations_iPhone = "UIInterfaceOrientationPortrait UIInterfaceOrientationLandscapeLeft UIInterfaceOrientationLandscapeRight";
				LD_RUNPATH_SEARCH_PATHS = (
					"$(inherited)",
					"@executable_path/Frameworks",
				);
				MARKETING_VERSION = 1.0;
				PRODUCT_BUNDLE_IDENTIFIER = "com.ethan.TwitterClone-Mo";
				PRODUCT_NAME = "$(TARGET_NAME)";
				SWIFT_EMIT_LOC_STRINGS = YES;
				SWIFT_VERSION = 5.0;
				TARGETED_DEVICE_FAMILY = "1,2";
			};
			name = Debug;
		};
		A9D7D5F62924B2D400697376 /* Release */ = {
			isa = XCBuildConfiguration;
			baseConfigurationReference = BABB748253E9E2D3AED718EF /* Pods-TwitterClone_Mo.release.xcconfig */;
			buildSettings = {
				ASSETCATALOG_COMPILER_APPICON_NAME = AppIcon;
				ASSETCATALOG_COMPILER_GLOBAL_ACCENT_COLOR_NAME = AccentColor;
				CODE_SIGN_STYLE = Automatic;
				CURRENT_PROJECT_VERSION = 1;
				DEVELOPMENT_TEAM = URTJJ24R4X;
				ENABLE_BITCODE = NO;
				GENERATE_INFOPLIST_FILE = YES;
				INFOPLIST_FILE = TwitterClone_Mo/Info.plist;
				INFOPLIST_KEY_UIApplicationSupportsIndirectInputEvents = YES;
				INFOPLIST_KEY_UILaunchStoryboardName = LaunchScreen;
				INFOPLIST_KEY_UIMainStoryboardFile = Main;
				INFOPLIST_KEY_UISupportedInterfaceOrientations_iPad = "UIInterfaceOrientationPortrait UIInterfaceOrientationPortraitUpsideDown UIInterfaceOrientationLandscapeLeft UIInterfaceOrientationLandscapeRight";
				INFOPLIST_KEY_UISupportedInterfaceOrientations_iPhone = "UIInterfaceOrientationPortrait UIInterfaceOrientationLandscapeLeft UIInterfaceOrientationLandscapeRight";
				LD_RUNPATH_SEARCH_PATHS = (
					"$(inherited)",
					"@executable_path/Frameworks",
				);
				MARKETING_VERSION = 1.0;
				PRODUCT_BUNDLE_IDENTIFIER = "com.ethan.TwitterClone-Mo";
				PRODUCT_NAME = "$(TARGET_NAME)";
				SWIFT_EMIT_LOC_STRINGS = YES;
				SWIFT_VERSION = 5.0;
				TARGETED_DEVICE_FAMILY = "1,2";
			};
			name = Release;
		};
/* End XCBuildConfiguration section */

/* Begin XCConfigurationList section */
		A9D7D5DB2924B2D000697376 /* Build configuration list for PBXProject "TwitterClone_Mo" */ = {
			isa = XCConfigurationList;
			buildConfigurations = (
				A9D7D5F22924B2D400697376 /* Debug */,
				A9D7D5F32924B2D400697376 /* Release */,
			);
			defaultConfigurationIsVisible = 0;
			defaultConfigurationName = Release;
		};
		A9D7D5F42924B2D400697376 /* Build configuration list for PBXNativeTarget "TwitterClone_Mo" */ = {
			isa = XCConfigurationList;
			buildConfigurations = (
				A9D7D5F52924B2D400697376 /* Debug */,
				A9D7D5F62924B2D400697376 /* Release */,
			);
			defaultConfigurationIsVisible = 0;
			defaultConfigurationName = Release;
		};
/* End XCConfigurationList section */
	};
	rootObject = A9D7D5D82924B2D000697376 /* Project object */;
}
